# THIS IS AN AUTOGENERATED FILE. DO NOT EDIT THIS FILE DIRECTLY.
# yarn lockfile v1


dotenv@^10.0.0:
  version "10.0.0"
  resolved "https://registry.yarnpkg.com/dotenv/-/dotenv-10.0.0.tgz#3d4227b8fb95f81096cdd2b66653fb2c7085ba81"
  integrity sha512-rlBi9d8jpv9Sf1klPjNfFAuWDjKLwTIJJ/VxtoTwIR6hnZxcEOQCZg2oIL3MWBYw5GpUDKOEnND7LXTbIpQ03Q==

fs@^0.0.1-security:
  version "0.0.1-security"
  resolved "https://registry.yarnpkg.com/fs/-/fs-0.0.1-security.tgz#8a7bd37186b6dddf3813f23858b57ecaaf5e41d4"
  integrity sha1-invTcYa23d84E/I4WLV+yq9eQdQ=

rize-js@^0.0.9:
  version "0.0.9"
  resolved "https://registry.yarnpkg.com/rize-js/-/rize-js-0.0.9.tgz#2af12cd4c37576c068a23ceda035ab7b7ab55182"
  integrity sha512-PrJ/poJk/BUG4N5oRSjqKhuhcGkbe7A+dDfEJ+Qwnf45XXMD98Xz9wMvXvabTgh8PhG/v0MBdLrbHJM10/G4ow==
